// !$*UTF8*$!
{
	archiveVersion = 1;
	classes = {
	};
	objectVersion = 50;
	objects = {

/* Begin PBXBuildFile section */
		7382147A24437449002205E8 /* AppDelegate.swift in Sources */ = {isa = PBXBuildFile; fileRef = 7382147924437449002205E8 /* AppDelegate.swift */; };
		7382147C24437449002205E8 /* SceneDelegate.swift in Sources */ = {isa = PBXBuildFile; fileRef = 7382147B24437449002205E8 /* SceneDelegate.swift */; };
		7382147E24437449002205E8 /* ContentView.swift in Sources */ = {isa = PBXBuildFile; fileRef = 7382147D24437449002205E8 /* ContentView.swift */; };
		738214802443744D002205E8 /* Assets.xcassets in Resources */ = {isa = PBXBuildFile; fileRef = 7382147F2443744D002205E8 /* Assets.xcassets */; };
		738214832443744D002205E8 /* Preview Assets.xcassets in Resources */ = {isa = PBXBuildFile; fileRef = 738214822443744D002205E8 /* Preview Assets.xcassets */; };
		738214862443744D002205E8 /* LaunchScreen.storyboard in Resources */ = {isa = PBXBuildFile; fileRef = 738214842443744D002205E8 /* LaunchScreen.storyboard */; };
		73E1B3B12446AA7600B12EDE /* GameState.swift in Sources */ = {isa = PBXBuildFile; fileRef = 73E1B3B02446AA7500B12EDE /* GameState.swift */; };
		73E1B3B32446AF1F00B12EDE /* Color.extension.swift in Sources */ = {isa = PBXBuildFile; fileRef = 73E1B3B22446AF1F00B12EDE /* Color.extension.swift */; };
		73E1B3B7244CB8AE00B12EDE /* Screen.extension.swift in Sources */ = {isa = PBXBuildFile; fileRef = 73E1B3B6244CB8AE00B12EDE /* Screen.extension.swift */; };
/* End PBXBuildFile section */

/* Begin PBXFileReference section */
		7382147624437449002205E8 /* Magic Square.app */ = {isa = PBXFileReference; explicitFileType = wrapper.application; includeInIndex = 0; path = "Magic Square.app"; sourceTree = BUILT_PRODUCTS_DIR; };
		7382147924437449002205E8 /* AppDelegate.swift */ = {isa = PBXFileReference; lastKnownFileType = sourcecode.swift; path = AppDelegate.swift; sourceTree = "<group>"; };
		7382147B24437449002205E8 /* SceneDelegate.swift */ = {isa = PBXFileReference; lastKnownFileType = sourcecode.swift; path = SceneDelegate.swift; sourceTree = "<group>"; };
		7382147D24437449002205E8 /* ContentView.swift */ = {isa = PBXFileReference; lastKnownFileType = sourcecode.swift; path = ContentView.swift; sourceTree = "<group>"; };
		7382147F2443744D002205E8 /* Assets.xcassets */ = {isa = PBXFileReference; lastKnownFileType = folder.assetcatalog; path = Assets.xcassets; sourceTree = "<group>"; };
		738214822443744D002205E8 /* Preview Assets.xcassets */ = {isa = PBXFileReference; lastKnownFileType = folder.assetcatalog; path = "Preview Assets.xcassets"; sourceTree = "<group>"; };
		738214852443744D002205E8 /* Base */ = {isa = PBXFileReference; lastKnownFileType = file.storyboard; name = Base; path = Base.lproj/LaunchScreen.storyboard; sourceTree = "<group>"; };
		738214872443744D002205E8 /* Info.plist */ = {isa = PBXFileReference; lastKnownFileType = text.plist.xml; path = Info.plist; sourceTree = "<group>"; };
		73E1B3B02446AA7500B12EDE /* GameState.swift */ = {isa = PBXFileReference; lastKnownFileType = sourcecode.swift; path = GameState.swift; sourceTree = "<group>"; };
		73E1B3B22446AF1F00B12EDE /* Color.extension.swift */ = {isa = PBXFileReference; lastKnownFileType = sourcecode.swift; path = Color.extension.swift; sourceTree = "<group>"; };
		73E1B3B6244CB8AE00B12EDE /* Screen.extension.swift */ = {isa = PBXFileReference; lastKnownFileType = sourcecode.swift; path = Screen.extension.swift; sourceTree = "<group>"; };
/* End PBXFileReference section */

/* Begin PBXFrameworksBuildPhase section */
		7382147324437449002205E8 /* Frameworks */ = {
			isa = PBXFrameworksBuildPhase;
			buildActionMask = 2147483647;
			files = (
			);
			runOnlyForDeploymentPostprocessing = 0;
		};
/* End PBXFrameworksBuildPhase section */

/* Begin PBXGroup section */
		7382146D24437449002205E8 = {
			isa = PBXGroup;
			children = (
				7382147824437449002205E8 /* Magic Square */,
				7382147724437449002205E8 /* Products */,
			);
			sourceTree = "<group>";
		};
		7382147724437449002205E8 /* Products */ = {
			isa = PBXGroup;
			children = (
				7382147624437449002205E8 /* Magic Square.app */,
			);
			name = Products;
			sourceTree = "<group>";
		};
		7382147824437449002205E8 /* Magic Square */ = {
			isa = PBXGroup;
			children = (
				7382147924437449002205E8 /* AppDelegate.swift */,
				7382147B24437449002205E8 /* SceneDelegate.swift */,
				7382147D24437449002205E8 /* ContentView.swift */,
				7382147F2443744D002205E8 /* Assets.xcassets */,
				738214842443744D002205E8 /* LaunchScreen.storyboard */,
				738214872443744D002205E8 /* Info.plist */,
				738214812443744D002205E8 /* Preview Content */,
				73E1B3B02446AA7500B12EDE /* GameState.swift */,
				73E1B3B22446AF1F00B12EDE /* Color.extension.swift */,
				73E1B3B6244CB8AE00B12EDE /* Screen.extension.swift */,
			);
			path = "Magic Square";
			sourceTree = "<group>";
		};
		738214812443744D002205E8 /* Preview Content */ = {
			isa = PBXGroup;
			children = (
				738214822443744D002205E8 /* Preview Assets.xcassets */,
			);
			path = "Preview Content";
			sourceTree = "<group>";
		};
/* End PBXGroup section */

/* Begin PBXNativeTarget section */
		7382147524437449002205E8 /* Magic Square */ = {
			isa = PBXNativeTarget;
			buildConfigurationList = 7382148A2443744D002205E8 /* Build configuration list for PBXNativeTarget "Magic Square" */;
			buildPhases = (
				7382147224437449002205E8 /* Sources */,
				7382147324437449002205E8 /* Frameworks */,
				7382147424437449002205E8 /* Resources */,
			);
			buildRules = (
			);
			dependencies = (
			);
			name = "Magic Square";
			productName = "Magic Square";
			productReference = 7382147624437449002205E8 /* Magic Square.app */;
			productType = "com.apple.product-type.application";
		};
/* End PBXNativeTarget section */

/* Begin PBXProject section */
		7382146E24437449002205E8 /* Project object */ = {
			isa = PBXProject;
			attributes = {
				LastSwiftUpdateCheck = 1140;
				LastUpgradeCheck = 1140;
				ORGANIZATIONNAME = "Alfred Broderick";
				TargetAttributes = {
					7382147524437449002205E8 = {
						CreatedOnToolsVersion = 11.4;
					};
				};
			};
			buildConfigurationList = 7382147124437449002205E8 /* Build configuration list for PBXProject "Magic Square" */;
			compatibilityVersion = "Xcode 9.3";
			developmentRegion = en;
			hasScannedForEncodings = 0;
			knownRegions = (
				en,
				Base,
			);
			mainGroup = 7382146D24437449002205E8;
			productRefGroup = 7382147724437449002205E8 /* Products */;
			projectDirPath = "";
			projectRoot = "";
			targets = (
				7382147524437449002205E8 /* Magic Square */,
			);
		};
/* End PBXProject section */

/* Begin PBXResourcesBuildPhase section */
		7382147424437449002205E8 /* Resources */ = {
			isa = PBXResourcesBuildPhase;
			buildActionMask = 2147483647;
			files = (
				738214862443744D002205E8 /* LaunchScreen.storyboard in Resources */,
				738214832443744D002205E8 /* Preview Assets.xcassets in Resources */,
				738214802443744D002205E8 /* Assets.xcassets in Resources */,
			);
			runOnlyForDeploymentPostprocessing = 0;
		};
/* End PBXResourcesBuildPhase section */

/* Begin PBXSourcesBuildPhase section */
		7382147224437449002205E8 /* Sources */ = {
			isa = PBXSourcesBuildPhase;
			buildActionMask = 2147483647;
			files = (
				73E1B3B7244CB8AE00B12EDE /* Screen.extension.swift in Sources */,
				7382147A24437449002205E8 /* AppDelegate.swift in Sources */,
				73E1B3B12446AA7600B12EDE /* GameState.swift in Sources */,
				7382147C24437449002205E8 /* SceneDelegate.swift in Sources */,
				73E1B3B32446AF1F00B12EDE /* Color.extension.swift in Sources */,
				7382147E24437449002205E8 /* ContentView.swift in Sources */,
			);
			runOnlyForDeploymentPostprocessing = 0;
		};
/* End PBXSourcesBuildPhase section */

/* Begin PBXVariantGroup section */
		738214842443744D002205E8 /* LaunchScreen.storyboard */ = {
			isa = PBXVariantGroup;
			children = (
				738214852443744D002205E8 /* Base */,
			);
			name = LaunchScreen.storyboard;
			sourceTree = "<group>";
		};
/* End PBXVariantGroup section */

/* Begin XCBuildConfiguration section */
		738214882443744D002205E8 /* Debug */ = {
			isa = XCBuildConfiguration;
			buildSettings = {
				ALWAYS_SEARCH_USER_PATHS = NO;
				CLANG_ANALYZER_NONNULL = YES;
				CLANG_ANALYZER_NUMBER_OBJECT_CONVERSION = YES_AGGRESSIVE;
				CLANG_CXX_LANGUAGE_STANDARD = "gnu++14";
				CLANG_CXX_LIBRARY = "libc++";
				CLANG_ENABLE_MODULES = YES;
				CLANG_ENABLE_OBJC_ARC = YES;
				CLANG_ENABLE_OBJC_WEAK = YES;
				CLANG_WARN_BLOCK_CAPTURE_AUTORELEASING = YES;
				CLANG_WARN_BOOL_CONVERSION = YES;
				CLANG_WARN_COMMA = YES;
				CLANG_WARN_CONSTANT_CONVERSION = YES;
				CLANG_WARN_DEPRECATED_OBJC_IMPLEMENTATIONS = YES;
				CLANG_WARN_DIRECT_OBJC_ISA_USAGE = YES_ERROR;
				CLANG_WARN_DOCUMENTATION_COMMENTS = YES;
				CLANG_WARN_EMPTY_BODY = YES;
				CLANG_WARN_ENUM_CONVERSION = YES;
				CLANG_WARN_INFINITE_RECURSION = YES;
				CLANG_WARN_INT_CONVERSION = YES;
				CLANG_WARN_NON_LITERAL_NULL_CONVERSION = YES;
				CLANG_WARN_OBJC_IMPLICIT_RETAIN_SELF = YES;
				CLANG_WARN_OBJC_LITERAL_CONVERSION = YES;
				CLANG_WARN_OBJC_ROOT_CLASS = YES_ERROR;
				CLANG_WARN_RANGE_LOOP_ANALYSIS = YES;
				CLANG_WARN_STRICT_PROTOTYPES = YES;
				CLANG_WARN_SUSPICIOUS_MOVE = YES;
				CLANG_WARN_UNGUARDED_AVAILABILITY = YES_AGGRESSIVE;
				CLANG_WARN_UNREACHABLE_CODE = YES;
				CLANG_WARN__DUPLICATE_METHOD_MATCH = YES;
				COPY_PHASE_STRIP = NO;
				DEBUG_INFORMATION_FORMAT = dwarf;
				ENABLE_STRICT_OBJC_MSGSEND = YES;
				ENABLE_TESTABILITY = YES;
				GCC_C_LANGUAGE_STANDARD = gnu11;
				GCC_DYNAMIC_NO_PIC = NO;
				GCC_NO_COMMON_BLOCKS = YES;
				GCC_OPTIMIZATION_LEVEL = 0;
				GCC_PREPROCESSOR_DEFINITIONS = (
					"DEBUG=1",
					"$(inherited)",
				);
				GCC_WARN_64_TO_32_BIT_CONVERSION = YES;
				GCC_WARN_ABOUT_RETURN_TYPE = YES_ERROR;
				GCC_WARN_UNDECLARED_SELECTOR = YES;
				GCC_WARN_UNINITIALIZED_AUTOS = YES_AGGRESSIVE;
				GCC_WARN_UNUSED_FUNCTION = YES;
				GCC_WARN_UNUSED_VARIABLE = YES;
				IPHONEOS_DEPLOYMENT_TARGET = 13.4;
				MTL_ENABLE_DEBUG_INFO = INCLUDE_SOURCE;
				MTL_FAST_MATH = YES;
				ONLY_ACTIVE_ARCH = YES;
				SDKROOT = iphoneos;
				SWIFT_ACTIVE_COMPILATION_CONDITIONS = DEBUG;
				SWIFT_OPTIMIZATION_LEVEL = "-Onone";
			};
			name = Debug;
		};
		738214892443744D002205E8 /* Release */ = {
			isa = XCBuildConfiguration;
			buildSettings = {
				ALWAYS_SEARCH_USER_PATHS = NO;
				CLANG_ANALYZER_NONNULL = YES;
				CLANG_ANALYZER_NUMBER_OBJECT_CONVERSION = YES_AGGRESSIVE;
				CLANG_CXX_LANGUAGE_STANDARD = "gnu++14";
				CLANG_CXX_LIBRARY = "libc++";
				CLANG_ENABLE_MODULES = YES;
				CLANG_ENABLE_OBJC_ARC = YES;
				CLANG_ENABLE_OBJC_WEAK = YES;
				CLANG_WARN_BLOCK_CAPTURE_AUTORELEASING = YES;
				CLANG_WARN_BOOL_CONVERSION = YES;
				CLANG_WARN_COMMA = YES;
				CLANG_WARN_CONSTANT_CONVERSION = YES;
				CLANG_WARN_DEPRECATED_OBJC_IMPLEMENTATIONS = YES;
				CLANG_WARN_DIRECT_OBJC_ISA_USAGE = YES_ERROR;
				CLANG_WARN_DOCUMENTATION_COMMENTS = YES;
				CLANG_WARN_EMPTY_BODY = YES;
				CLANG_WARN_ENUM_CONVERSION = YES;
				CLANG_WARN_INFINITE_RECURSION = YES;
				CLANG_WARN_INT_CONVERSION = YES;
				CLANG_WARN_NON_LITERAL_NULL_CONVERSION = YES;
				CLANG_WARN_OBJC_IMPLICIT_RETAIN_SELF = YES;
				CLANG_WARN_OBJC_LITERAL_CONVERSION = YES;
				CLANG_WARN_OBJC_ROOT_CLASS = YES_ERROR;
				CLANG_WARN_RANGE_LOOP_ANALYSIS = YES;
				CLANG_WARN_STRICT_PROTOTYPES = YES;
				CLANG_WARN_SUSPICIOUS_MOVE = YES;
				CLANG_WARN_UNGUARDED_AVAILABILITY = YES_AGGRESSIVE;
				CLANG_WARN_UNREACHABLE_CODE = YES;
				CLANG_WARN__DUPLICATE_METHOD_MATCH = YES;
				COPY_PHASE_STRIP = NO;
				DEBUG_INFORMATION_FORMAT = "dwarf-with-dsym";
				ENABLE_NS_ASSERTIONS = NO;
				ENABLE_STRICT_OBJC_MSGSEND = YES;
				GCC_C_LANGUAGE_STANDARD = gnu11;
				GCC_NO_COMMON_BLOCKS = YES;
				GCC_WARN_64_TO_32_BIT_CONVERSION = YES;
				GCC_WARN_ABOUT_RETURN_TYPE = YES_ERROR;
				GCC_WARN_UNDECLARED_SELECTOR = YES;
				GCC_WARN_UNINITIALIZED_AUTOS = YES_AGGRESSIVE;
				GCC_WARN_UNUSED_FUNCTION = YES;
				GCC_WARN_UNUSED_VARIABLE = YES;
				IPHONEOS_DEPLOYMENT_TARGET = 13.4;
				MTL_ENABLE_DEBUG_INFO = NO;
				MTL_FAST_MATH = YES;
				SDKROOT = iphoneos;
				SWIFT_COMPILATION_MODE = wholemodule;
				SWIFT_OPTIMIZATION_LEVEL = "-O";
				VALIDATE_PRODUCT = YES;
			};
			name = Release;
		};
		7382148B2443744D002205E8 /* Debug */ = {
			isa = XCBuildConfiguration;
			buildSettings = {
				ASSETCATALOG_COMPILER_APPICON_NAME = AppIcon;
				CODE_SIGN_STYLE = Automatic;
				DEVELOPMENT_ASSET_PATHS = "\"Magic Square/Preview Content\"";
				DEVELOPMENT_TEAM = G3HR673UBP;
				ENABLE_PREVIEWS = YES;
				INFOPLIST_FILE = "Magic Square/Info.plist";
				IPHONEOS_DEPLOYMENT_TARGET = 13.3;
				LD_RUNPATH_SEARCH_PATHS = (
					"$(inherited)",
					"@executable_path/Frameworks",
				);
				PRODUCT_BUNDLE_IDENTIFIER = "AlfredBr.Magic-Square";
				PRODUCT_NAME = "$(TARGET_NAME)";
				SWIFT_VERSION = 5.0;
				TARGETED_DEVICE_FAMILY = 1;
			};
			name = Debug;
		};
		7382148C2443744D002205E8 /* Release */ = {
			isa = XCBuildConfiguration;
			buildSettings = {
				ASSETCATALOG_COMPILER_APPICON_NAME = AppIcon;
				CODE_SIGN_STYLE = Automatic;
				DEVELOPMENT_ASSET_PATHS = "\"Magic Square/Preview Content\"";
				DEVELOPMENT_TEAM = G3HR673UBP;
				ENABLE_PREVIEWS = YES;
				INFOPLIST_FILE = "Magic Square/Info.plist";
				IPHONEOS_DEPLOYMENT_TARGET = 13.3;
				LD_RUNPATH_SEARCH_PATHS = (
					"$(inherited)",
					"@executable_path/Frameworks",
				);
				PRODUCT_BUNDLE_IDENTIFIER = "AlfredBr.Magic-Square";
				PRODUCT_NAME = "$(TARGET_NAME)";
				SWIFT_VERSION = 5.0;
				TARGETED_DEVICE_FAMILY = 1;
			};
			name = Release;
		};
/* End XCBuildConfiguration section */

/* Begin XCConfigurationList section */
		7382147124437449002205E8 /* Build configuration list for PBXProject "Magic Square" */ = {
			isa = XCConfigurationList;
			buildConfigurations = (
				738214882443744D002205E8 /* Debug */,
				738214892443744D002205E8 /* Release */,
			);
			defaultConfigurationIsVisible = 0;
			defaultConfigurationName = Release;
		};
		7382148A2443744D002205E8 /* Build configuration list for PBXNativeTarget "Magic Square" */ = {
			isa = XCConfigurationList;
			buildConfigurations = (
				7382148B2443744D002205E8 /* Debug */,
				7382148C2443744D002205E8 /* Release */,
			);
			defaultConfigurationIsVisible = 0;
			defaultConfigurationName = Release;
		};
/* End XCConfigurationList section */
	};
	rootObject = 7382146E24437449002205E8 /* Project object */;
}
